
Microsoft Visual Studio Solution File, Format Version 12.00
# Visual Studio Version 16
VisualStudioVersion = 16.0.810.25
MinimumVisualStudioVersion = 10.0.40219.1
Project("{FAE04EC0-301F-11D3-BF4B-00C04F79EFBC}") = "Inheritance", "Inheritance.csproj", "{607D8286-65C6-473E-96D5-E5B4AE5E4A15}"
EndProject
Global
	GlobalSection(SolutionConfigurationPlatforms) = preSolution
		Debug|Any CPU = Debug|Any CPU
		Release|Any CPU = Release|Any CPU
	EndGlobalSection
	GlobalSection(ProjectConfigurationPlatforms) = postSolution
		{607D8286-65C6-473E-96D5-E5B4AE5E4A15}.Debug|Any CPU.ActiveCfg = Debug|Any CPU
		{607D8286-65C6-473E-96D5-E5B4AE5E4A15}.Debug|Any CPU.Build.0 = Debug|Any CPU
		{607D8286-65C6-473E-96D5-E5B4AE5E4A15}.Release|Any CPU.ActiveCfg = Release|Any CPU
		{607D8286-65C6-473E-96D5-E5B4AE5E4A15}.Release|Any CPU.Build.0 = Release|Any CPU
	EndGlobalSection
	GlobalSection(SolutionProperties) = preSolution
		HideSolutionNode = FALSE
	EndGlobalSection
	GlobalSection(ExtensibilityGlobals) = postSolution
		SolutionGuid = {100BA907-37B3-459A-AA77-EC077215ECCC}
	EndGlobalSection
EndGlobal
